# This file was autogenerated by Stack.
# You should not edit this file by hand.
# For more information, please see the documentation at:
#   https://docs.haskellstack.org/en/stable/lock_files

packages:
- completed:
    name: liquidhaskell
    version: 0.8.10.7.1
    git: https://github.com/ucsd-progsys/liquidhaskell
    pantry-tree:
      size: 321155
      sha256: 5039d2944db86c2558c956e888c928d332cb57fab6c381896dbb38c3132867e4
    commit: f917323a1f9db1677e592d6ffc81467d53588d70
  original:
    git: https://github.com/ucsd-progsys/liquidhaskell
    commit: f917323a1f9db1677e592d6ffc81467d53588d70
- completed:
    subdir: liquid-base
    name: liquid-base
    version: 4.14.3.0
    git: https://github.com/ucsd-progsys/liquidhaskell
    pantry-tree:
      size: 15114
      sha256: c54bf9327dc5d69f3c5db747908173b817d4a3beaa08ff3016f64fc2d2f053f7
    commit: f917323a1f9db1677e592d6ffc81467d53588d70
  original:
    subdir: liquid-base
    git: https://github.com/ucsd-progsys/liquidhaskell
    commit: f917323a1f9db1677e592d6ffc81467d53588d70
- completed:
    subdir: liquid-ghc-prim
    name: liquid-ghc-prim
    version: 0.6.1
    git: https://github.com/ucsd-progsys/liquidhaskell
    pantry-tree:
      size: 912
      sha256: 3d8d31526fe8c6a7d119a5422a41ad939842bf9063f8f5ec08130365721f204f
    commit: f917323a1f9db1677e592d6ffc81467d53588d70
  original:
    subdir: liquid-ghc-prim
    git: https://github.com/ucsd-progsys/liquidhaskell
    commit: f917323a1f9db1677e592d6ffc81467d53588d70
- completed:
    subdir: liquid-containers
    name: liquid-containers
    version: 0.6.2.1
    git: https://github.com/ucsd-progsys/liquidhaskell
    pantry-tree:
      size: 2143
      sha256: 69ab7d9ccde93b16e14c0f27ac8f2d8bac81e7047c3ccad98e7926c8cadd21b5
    commit: f917323a1f9db1677e592d6ffc81467d53588d70
  original:
    subdir: liquid-containers
    git: https://github.com/ucsd-progsys/liquidhaskell
    commit: f917323a1f9db1677e592d6ffc81467d53588d70
- completed:
    subdir: liquid-prelude
    name: liquid-prelude
    version: 0.8.10.2
    git: https://github.com/ucsd-progsys/liquidhaskell
    pantry-tree:
      size: 1029
      sha256: 5fb206c776b87a0de48c5f429ac82b689a5942d215582a06ac752e1f118229f7
    commit: f917323a1f9db1677e592d6ffc81467d53588d70
  original:
    subdir: liquid-prelude
    git: https://github.com/ucsd-progsys/liquidhaskell
    commit: f917323a1f9db1677e592d6ffc81467d53588d70
- completed:
    name: liquid-fixpoint
    version: 0.8.10.7.1
    git: https://github.com/ucsd-progsys/liquid-fixpoint
    pantry-tree:
      size: 22680
      sha256: 8e7627f7c37d80e117d300c5f58cfad0336da347b85cd511ea47f237ea69a29e
    commit: e378d2ee8656da929e41c2d593a88a81e9620391
  original:
    git: https://github.com/ucsd-progsys/liquid-fixpoint
    commit: e378d2ee8656da929e41c2d593a88a81e9620391
- completed:
    hackage: rest-rewrite-0.3.0@sha256:398f937a5faf6bd3329650ee9aed31bbfe7ed1c23252710908ad7295e3252c94,3890
    pantry-tree:
      size: 3943
      sha256: 6e42cf85257cbc2abf50a9c8f3bac8777920f1b970e6f2cae9358690e1186e99
  original:
    hackage: rest-rewrite-0.3.0
snapshots:
- completed:
    size: 590102
    url: https://raw.githubusercontent.com/commercialhaskell/stackage-snapshots/master/lts/18/27.yaml
    sha256: 79a786674930a89301b0e908fad2822a48882f3d01486117693c377b8edffdbe
  original: lts-18.27
